
Microsoft Visual Studio Solution File, Format Version 12.00
# Visual Studio Version 16
VisualStudioVersion = 16.0.29009.5
MinimumVisualStudioVersion = 10.0.40219.1
Project("{FAE04EC0-301F-11D3-BF4B-00C04F79EFBC}") = "LesApp0", "LesApp0\LesApp0.csproj", "{8995B853-752B-4FE3-9EF4-0E5CD0525306}"
EndProject
Global
	GlobalSection(SolutionConfigurationPlatforms) = preSolution
		Debug|Any CPU = Debug|Any CPU
		Release|Any CPU = Release|Any CPU
	EndGlobalSection
	GlobalSection(ProjectConfigurationPlatforms) = postSolution
		{8995B853-752B-4FE3-9EF4-0E5CD0525306}.Debug|Any CPU.ActiveCfg = Debug|Any CPU
		{8995B853-752B-4FE3-9EF4-0E5CD0525306}.Debug|Any CPU.Build.0 = Debug|Any CPU
		{8995B853-752B-4FE3-9EF4-0E5CD0525306}.Release|Any CPU.ActiveCfg = Release|Any CPU
		{8995B853-752B-4FE3-9EF4-0E5CD0525306}.Release|Any CPU.Build.0 = Release|Any CPU
	EndGlobalSection
	GlobalSection(SolutionProperties) = preSolution
		HideSolutionNode = FALSE
	EndGlobalSection
	GlobalSection(ExtensibilityGlobals) = postSolution
		SolutionGuid = {563073B6-5E91-4DFF-B632-04AB41E48DA9}
	EndGlobalSection
EndGlobal
